// !$*UTF8*$!
{
	archiveVersion = 1;
	classes = {
	};
	objectVersion = 51;
	objects = {

/* Begin PBXBuildFile section */
		83090361242CBAC500224F11 /* Bahij_TheSansArabic-SemiBold.ttf in Resources */ = {isa = PBXBuildFile; fileRef = 8309035C242CBAC400224F11 /* Bahij_TheSansArabic-SemiBold.ttf */; };
		83090362242CBAC500224F11 /* Bahij_TheSansArabic-Bold.ttf in Resources */ = {isa = PBXBuildFile; fileRef = 8309035D242CBAC400224F11 /* Bahij_TheSansArabic-Bold.ttf */; };
		83090363242CBAC500224F11 /* Bahij_TheSansArabic-Light.ttf in Resources */ = {isa = PBXBuildFile; fileRef = 8309035E242CBAC400224F11 /* Bahij_TheSansArabic-Light.ttf */; };
		83090364242CBAC500224F11 /* Bahij_TheSansArabic-Plain.ttf in Resources */ = {isa = PBXBuildFile; fileRef = 8309035F242CBAC400224F11 /* Bahij_TheSansArabic-Plain.ttf */; };
		83090365242CBAC500224F11 /* Bahij_TheSansArabic-SemiLight.ttf in Resources */ = {isa = PBXBuildFile; fileRef = 83090360242CBAC400224F11 /* Bahij_TheSansArabic-SemiLight.ttf */; };
		83090368242CC02E00224F11 /* InfoPlist.strings in Resources */ = {isa = PBXBuildFile; fileRef = 8309036A242CC02E00224F11 /* InfoPlist.strings */; };
		8387979B2434CB0A00243E17 /* GoogleService-Info.plist in Resources */ = {isa = PBXBuildFile; fileRef = 8387979A2434CB0A00243E17 /* GoogleService-Info.plist */; };
		838AC913242B8F2400AC3F8B /* AppDelegate.swift in Sources */ = {isa = PBXBuildFile; fileRef = 838AC912242B8F2400AC3F8B /* AppDelegate.swift */; };
		838AC915242B8F2400AC3F8B /* SceneDelegate.swift in Sources */ = {isa = PBXBuildFile; fileRef = 838AC914242B8F2400AC3F8B /* SceneDelegate.swift */; };
		838AC917242B8F2400AC3F8B /* ViewController.swift in Sources */ = {isa = PBXBuildFile; fileRef = 838AC916242B8F2400AC3F8B /* ViewController.swift */; };
		838AC91A242B8F2400AC3F8B /* Main.storyboard in Resources */ = {isa = PBXBuildFile; fileRef = 838AC918242B8F2400AC3F8B /* Main.storyboard */; };
		838AC91D242B8F2400AC3F8B /* MatajerTrader.xcdatamodeld in Sources */ = {isa = PBXBuildFile; fileRef = 838AC91B242B8F2400AC3F8B /* MatajerTrader.xcdatamodeld */; };
		838AC91F242B8F2C00AC3F8B /* Assets.xcassets in Resources */ = {isa = PBXBuildFile; fileRef = 838AC91E242B8F2C00AC3F8B /* Assets.xcassets */; };
		838AC922242B8F2C00AC3F8B /* LaunchScreen.storyboard in Resources */ = {isa = PBXBuildFile; fileRef = 838AC920242B8F2C00AC3F8B /* LaunchScreen.storyboard */; };
		838AC92A242B9C6D00AC3F8B /* HomeVC.swift in Sources */ = {isa = PBXBuildFile; fileRef = 838AC929242B9C6D00AC3F8B /* HomeVC.swift */; };
		838AC92C242B9C7C00AC3F8B /* ProductsVC.swift in Sources */ = {isa = PBXBuildFile; fileRef = 838AC92B242B9C7C00AC3F8B /* ProductsVC.swift */; };
		838AC92E242B9C9200AC3F8B /* OrdersVC.swift in Sources */ = {isa = PBXBuildFile; fileRef = 838AC92D242B9C9200AC3F8B /* OrdersVC.swift */; };
		838AC930242B9CA500AC3F8B /* SettingsVC.swift in Sources */ = {isa = PBXBuildFile; fileRef = 838AC92F242B9CA500AC3F8B /* SettingsVC.swift */; };
		B6014BC972D0F1A486C07ED5 /* Pods_MatajerTrader.framework in Frameworks */ = {isa = PBXBuildFile; fileRef = 8DDD35D845DCAF4F800C9ABD /* Pods_MatajerTrader.framework */; };
/* End PBXBuildFile section */

/* Begin PBXFileReference section */
		16935954F22ADF7993A26369 /* Pods-MatajerTrader.release.xcconfig */ = {isa = PBXFileReference; includeInIndex = 1; lastKnownFileType = text.xcconfig; name = "Pods-MatajerTrader.release.xcconfig"; path = "Target Support Files/Pods-MatajerTrader/Pods-MatajerTrader.release.xcconfig"; sourceTree = "<group>"; };
		8309035C242CBAC400224F11 /* Bahij_TheSansArabic-SemiBold.ttf */ = {isa = PBXFileReference; lastKnownFileType = file; path = "Bahij_TheSansArabic-SemiBold.ttf"; sourceTree = "<group>"; };
		8309035D242CBAC400224F11 /* Bahij_TheSansArabic-Bold.ttf */ = {isa = PBXFileReference; lastKnownFileType = file; path = "Bahij_TheSansArabic-Bold.ttf"; sourceTree = "<group>"; };
		8309035E242CBAC400224F11 /* Bahij_TheSansArabic-Light.ttf */ = {isa = PBXFileReference; lastKnownFileType = file; path = "Bahij_TheSansArabic-Light.ttf"; sourceTree = "<group>"; };
		8309035F242CBAC400224F11 /* Bahij_TheSansArabic-Plain.ttf */ = {isa = PBXFileReference; lastKnownFileType = file; path = "Bahij_TheSansArabic-Plain.ttf"; sourceTree = "<group>"; };
		83090360242CBAC400224F11 /* Bahij_TheSansArabic-SemiLight.ttf */ = {isa = PBXFileReference; lastKnownFileType = file; path = "Bahij_TheSansArabic-SemiLight.ttf"; sourceTree = "<group>"; };
		83090369242CC02E00224F11 /* en */ = {isa = PBXFileReference; lastKnownFileType = text.plist.strings; name = en; path = en.lproj/InfoPlist.strings; sourceTree = "<group>"; };
		8309036B242CC05100224F11 /* ar */ = {isa = PBXFileReference; lastKnownFileType = text.plist.strings; name = ar; path = ar.lproj/Main.strings; sourceTree = "<group>"; };
		8309036C242CC05100224F11 /* ar */ = {isa = PBXFileReference; lastKnownFileType = text.plist.strings; name = ar; path = ar.lproj/LaunchScreen.strings; sourceTree = "<group>"; };
		8309036D242CC05100224F11 /* ar */ = {isa = PBXFileReference; lastKnownFileType = text.plist.strings; name = ar; path = ar.lproj/InfoPlist.strings; sourceTree = "<group>"; };
		8387979A2434CB0A00243E17 /* GoogleService-Info.plist */ = {isa = PBXFileReference; fileEncoding = 4; lastKnownFileType = text.plist.xml; path = "GoogleService-Info.plist"; sourceTree = "<group>"; };
		838AC90F242B8F2400AC3F8B /* Matajer.app */ = {isa = PBXFileReference; explicitFileType = wrapper.application; includeInIndex = 0; path = Matajer.app; sourceTree = BUILT_PRODUCTS_DIR; };
		838AC912242B8F2400AC3F8B /* AppDelegate.swift */ = {isa = PBXFileReference; lastKnownFileType = sourcecode.swift; path = AppDelegate.swift; sourceTree = "<group>"; };
		838AC914242B8F2400AC3F8B /* SceneDelegate.swift */ = {isa = PBXFileReference; lastKnownFileType = sourcecode.swift; path = SceneDelegate.swift; sourceTree = "<group>"; };
		838AC916242B8F2400AC3F8B /* ViewController.swift */ = {isa = PBXFileReference; lastKnownFileType = sourcecode.swift; path = ViewController.swift; sourceTree = "<group>"; };
		838AC919242B8F2400AC3F8B /* Base */ = {isa = PBXFileReference; lastKnownFileType = file.storyboard; name = Base; path = Base.lproj/Main.storyboard; sourceTree = "<group>"; };
		838AC91C242B8F2400AC3F8B /* MatajerTrader.xcdatamodel */ = {isa = PBXFileReference; lastKnownFileType = wrapper.xcdatamodel; path = MatajerTrader.xcdatamodel; sourceTree = "<group>"; };
		838AC91E242B8F2C00AC3F8B /* Assets.xcassets */ = {isa = PBXFileReference; lastKnownFileType = folder.assetcatalog; path = Assets.xcassets; sourceTree = "<group>"; };
		838AC921242B8F2C00AC3F8B /* Base */ = {isa = PBXFileReference; lastKnownFileType = file.storyboard; name = Base; path = Base.lproj/LaunchScreen.storyboard; sourceTree = "<group>"; };
		838AC923242B8F2C00AC3F8B /* Info.plist */ = {isa = PBXFileReference; lastKnownFileType = text.plist.xml; path = Info.plist; sourceTree = "<group>"; };
		838AC929242B9C6D00AC3F8B /* HomeVC.swift */ = {isa = PBXFileReference; lastKnownFileType = sourcecode.swift; path = HomeVC.swift; sourceTree = "<group>"; };
		838AC92B242B9C7C00AC3F8B /* ProductsVC.swift */ = {isa = PBXFileReference; lastKnownFileType = sourcecode.swift; path = ProductsVC.swift; sourceTree = "<group>"; };
		838AC92D242B9C9200AC3F8B /* OrdersVC.swift */ = {isa = PBXFileReference; lastKnownFileType = sourcecode.swift; path = OrdersVC.swift; sourceTree = "<group>"; };
		838AC92F242B9CA500AC3F8B /* SettingsVC.swift */ = {isa = PBXFileReference; lastKnownFileType = sourcecode.swift; path = SettingsVC.swift; sourceTree = "<group>"; };
		8DDD35D845DCAF4F800C9ABD /* Pods_MatajerTrader.framework */ = {isa = PBXFileReference; explicitFileType = wrapper.framework; includeInIndex = 0; path = Pods_MatajerTrader.framework; sourceTree = BUILT_PRODUCTS_DIR; };
		CA0ED91A36894C9465BFBE4D /* Pods-MatajerTrader.debug.xcconfig */ = {isa = PBXFileReference; includeInIndex = 1; lastKnownFileType = text.xcconfig; name = "Pods-MatajerTrader.debug.xcconfig"; path = "Target Support Files/Pods-MatajerTrader/Pods-MatajerTrader.debug.xcconfig"; sourceTree = "<group>"; };
/* End PBXFileReference section */

/* Begin PBXFrameworksBuildPhase section */
		838AC90C242B8F2400AC3F8B /* Frameworks */ = {
			isa = PBXFrameworksBuildPhase;
			buildActionMask = 2147483647;
			files = (
				B6014BC972D0F1A486C07ED5 /* Pods_MatajerTrader.framework in Frameworks */,
			);
			runOnlyForDeploymentPostprocessing = 0;
		};
/* End PBXFrameworksBuildPhase section */

/* Begin PBXGroup section */
		029DA9A35A28FB19332CE4A6 /* Pods */ = {
			isa = PBXGroup;
			children = (
				CA0ED91A36894C9465BFBE4D /* Pods-MatajerTrader.debug.xcconfig */,
				16935954F22ADF7993A26369 /* Pods-MatajerTrader.release.xcconfig */,
			);
			path = Pods;
			sourceTree = "<group>";
		};
		2C7225627A2B0077C9E9400A /* Frameworks */ = {
			isa = PBXGroup;
			children = (
				8DDD35D845DCAF4F800C9ABD /* Pods_MatajerTrader.framework */,
			);
			name = Frameworks;
			sourceTree = "<group>";
		};
		8309035B242CBAC400224F11 /* Bahij */ = {
			isa = PBXGroup;
			children = (
				8309035C242CBAC400224F11 /* Bahij_TheSansArabic-SemiBold.ttf */,
				8309035D242CBAC400224F11 /* Bahij_TheSansArabic-Bold.ttf */,
				8309035E242CBAC400224F11 /* Bahij_TheSansArabic-Light.ttf */,
				8309035F242CBAC400224F11 /* Bahij_TheSansArabic-Plain.ttf */,
				83090360242CBAC400224F11 /* Bahij_TheSansArabic-SemiLight.ttf */,
			);
			path = Bahij;
			sourceTree = "<group>";
		};
		838AC906242B8F2400AC3F8B = {
			isa = PBXGroup;
			children = (
				838AC911242B8F2400AC3F8B /* MatajerTrader */,
				838AC910242B8F2400AC3F8B /* Products */,
				029DA9A35A28FB19332CE4A6 /* Pods */,
				2C7225627A2B0077C9E9400A /* Frameworks */,
			);
			sourceTree = "<group>";
		};
		838AC910242B8F2400AC3F8B /* Products */ = {
			isa = PBXGroup;
			children = (
				838AC90F242B8F2400AC3F8B /* Matajer.app */,
			);
			name = Products;
			sourceTree = "<group>";
		};
		838AC911242B8F2400AC3F8B /* MatajerTrader */ = {
			isa = PBXGroup;
			children = (
				8309035B242CBAC400224F11 /* Bahij */,
				838AC912242B8F2400AC3F8B /* AppDelegate.swift */,
				838AC914242B8F2400AC3F8B /* SceneDelegate.swift */,
				838AC916242B8F2400AC3F8B /* ViewController.swift */,
				8387979A2434CB0A00243E17 /* GoogleService-Info.plist */,
				838AC918242B8F2400AC3F8B /* Main.storyboard */,
				838AC929242B9C6D00AC3F8B /* HomeVC.swift */,
				838AC92B242B9C7C00AC3F8B /* ProductsVC.swift */,
				838AC92D242B9C9200AC3F8B /* OrdersVC.swift */,
				838AC92F242B9CA500AC3F8B /* SettingsVC.swift */,
				838AC91E242B8F2C00AC3F8B /* Assets.xcassets */,
				838AC920242B8F2C00AC3F8B /* LaunchScreen.storyboard */,
				838AC923242B8F2C00AC3F8B /* Info.plist */,
				8309036A242CC02E00224F11 /* InfoPlist.strings */,
				838AC91B242B8F2400AC3F8B /* MatajerTrader.xcdatamodeld */,
			);
			path = MatajerTrader;
			sourceTree = "<group>";
		};
/* End PBXGroup section */

/* Begin PBXNativeTarget section */
		838AC90E242B8F2400AC3F8B /* MatajerTrader */ = {
			isa = PBXNativeTarget;
			buildConfigurationList = 838AC926242B8F2C00AC3F8B /* Build configuration list for PBXNativeTarget "MatajerTrader" */;
			buildPhases = (
				092268EAA977E502CF7A4CC9 /* [CP] Check Pods Manifest.lock */,
				838AC90B242B8F2400AC3F8B /* Sources */,
				838AC90C242B8F2400AC3F8B /* Frameworks */,
				838AC90D242B8F2400AC3F8B /* Resources */,
				6D83ADB5B54DDB8974F2D781 /* [CP] Embed Pods Frameworks */,
			);
			buildRules = (
			);
			dependencies = (
			);
			name = MatajerTrader;
			productName = MatajerTrader;
			productReference = 838AC90F242B8F2400AC3F8B /* Matajer.app */;
			productType = "com.apple.product-type.application";
		};
/* End PBXNativeTarget section */

/* Begin PBXProject section */
		838AC907242B8F2400AC3F8B /* Project object */ = {
			isa = PBXProject;
			attributes = {
				LastSwiftUpdateCheck = 1130;
				LastUpgradeCheck = 1130;
				ORGANIZATIONNAME = "Heba lubbad";
				TargetAttributes = {
					838AC90E242B8F2400AC3F8B = {
						CreatedOnToolsVersion = 11.3;
					};
				};
			};
			buildConfigurationList = 838AC90A242B8F2400AC3F8B /* Build configuration list for PBXProject "MatajerTrader" */;
			compatibilityVersion = "Xcode 9.3";
			developmentRegion = en;
			hasScannedForEncodings = 0;
			knownRegions = (
				en,
				Base,
				ar,
			);
			mainGroup = 838AC906242B8F2400AC3F8B;
			productRefGroup = 838AC910242B8F2400AC3F8B /* Products */;
			projectDirPath = "";
			projectRoot = "";
			targets = (
				838AC90E242B8F2400AC3F8B /* MatajerTrader */,
			);
		};
/* End PBXProject section */

/* Begin PBXResourcesBuildPhase section */
		838AC90D242B8F2400AC3F8B /* Resources */ = {
			isa = PBXResourcesBuildPhase;
			buildActionMask = 2147483647;
			files = (
				838AC922242B8F2C00AC3F8B /* LaunchScreen.storyboard in Resources */,
				83090363242CBAC500224F11 /* Bahij_TheSansArabic-Light.ttf in Resources */,
				838AC91F242B8F2C00AC3F8B /* Assets.xcassets in Resources */,
				83090362242CBAC500224F11 /* Bahij_TheSansArabic-Bold.ttf in Resources */,
				8387979B2434CB0A00243E17 /* GoogleService-Info.plist in Resources */,
				83090361242CBAC500224F11 /* Bahij_TheSansArabic-SemiBold.ttf in Resources */,
				838AC91A242B8F2400AC3F8B /* Main.storyboard in Resources */,
				83090364242CBAC500224F11 /* Bahij_TheSansArabic-Plain.ttf in Resources */,
				83090368242CC02E00224F11 /* InfoPlist.strings in Resources */,
				83090365242CBAC500224F11 /* Bahij_TheSansArabic-SemiLight.ttf in Resources */,
			);
			runOnlyForDeploymentPostprocessing = 0;
		};
/* End PBXResourcesBuildPhase section */

/* Begin PBXShellScriptBuildPhase section */
		092268EAA977E502CF7A4CC9 /* [CP] Check Pods Manifest.lock */ = {
			isa = PBXShellScriptBuildPhase;
			buildActionMask = 2147483647;
			files = (
			);
			inputFileListPaths = (
			);
			inputPaths = (
				"${PODS_PODFILE_DIR_PATH}/Podfile.lock",
				"${PODS_ROOT}/Manifest.lock",
			);
			name = "[CP] Check Pods Manifest.lock";
			outputFileListPaths = (
			);
			outputPaths = (
				"$(DERIVED_FILE_DIR)/Pods-MatajerTrader-checkManifestLockResult.txt",
			);
			runOnlyForDeploymentPostprocessing = 0;
			shellPath = /bin/sh;
			shellScript = "diff \"${PODS_PODFILE_DIR_PATH}/Podfile.lock\" \"${PODS_ROOT}/Manifest.lock\" > /dev/null\nif [ $? != 0 ] ; then\n    # print error to STDERR\n    echo \"error: The sandbox is not in sync with the Podfile.lock. Run 'pod install' or update your CocoaPods installation.\" >&2\n    exit 1\nfi\n# This output is used by Xcode 'outputs' to avoid re-running this script phase.\necho \"SUCCESS\" > \"${SCRIPT_OUTPUT_FILE_0}\"\n";
			showEnvVarsInLog = 0;
		};
		6D83ADB5B54DDB8974F2D781 /* [CP] Embed Pods Frameworks */ = {
			isa = PBXShellScriptBuildPhase;
			buildActionMask = 2147483647;
			files = (
			);
			inputFileListPaths = (
				"${PODS_ROOT}/Target Support Files/Pods-MatajerTrader/Pods-MatajerTrader-frameworks-${CONFIGURATION}-input-files.xcfilelist",
			);
			name = "[CP] Embed Pods Frameworks";
			outputFileListPaths = (
				"${PODS_ROOT}/Target Support Files/Pods-MatajerTrader/Pods-MatajerTrader-frameworks-${CONFIGURATION}-output-files.xcfilelist",
			);
			runOnlyForDeploymentPostprocessing = 0;
			shellPath = /bin/sh;
			shellScript = "\"${PODS_ROOT}/Target Support Files/Pods-MatajerTrader/Pods-MatajerTrader-frameworks.sh\"\n";
			showEnvVarsInLog = 0;
		};
/* End PBXShellScriptBuildPhase section */

/* Begin PBXSourcesBuildPhase section */
		838AC90B242B8F2400AC3F8B /* Sources */ = {
			isa = PBXSourcesBuildPhase;
			buildActionMask = 2147483647;
			files = (
				838AC91D242B8F2400AC3F8B /* MatajerTrader.xcdatamodeld in Sources */,
				838AC92A242B9C6D00AC3F8B /* HomeVC.swift in Sources */,
				838AC92C242B9C7C00AC3F8B /* ProductsVC.swift in Sources */,
				838AC917242B8F2400AC3F8B /* ViewController.swift in Sources */,
				838AC92E242B9C9200AC3F8B /* OrdersVC.swift in Sources */,
				838AC930242B9CA500AC3F8B /* SettingsVC.swift in Sources */,
				838AC913242B8F2400AC3F8B /* AppDelegate.swift in Sources */,
				838AC915242B8F2400AC3F8B /* SceneDelegate.swift in Sources */,
			);
			runOnlyForDeploymentPostprocessing = 0;
		};
/* End PBXSourcesBuildPhase section */

/* Begin PBXVariantGroup section */
		8309036A242CC02E00224F11 /* InfoPlist.strings */ = {
			isa = PBXVariantGroup;
			children = (
				83090369242CC02E00224F11 /* en */,
				8309036D242CC05100224F11 /* ar */,
			);
			name = InfoPlist.strings;
			sourceTree = "<group>";
		};
		838AC918242B8F2400AC3F8B /* Main.storyboard */ = {
			isa = PBXVariantGroup;
			children = (
				838AC919242B8F2400AC3F8B /* Base */,
				8309036B242CC05100224F11 /* ar */,
			);
			name = Main.storyboard;
			sourceTree = "<group>";
		};
		838AC920242B8F2C00AC3F8B /* LaunchScreen.storyboard */ = {
			isa = PBXVariantGroup;
			children = (
				838AC921242B8F2C00AC3F8B /* Base */,
				8309036C242CC05100224F11 /* ar */,
			);
			name = LaunchScreen.storyboard;
			sourceTree = "<group>";
		};
/* End PBXVariantGroup section */

/* Begin XCBuildConfiguration section */
		838AC924242B8F2C00AC3F8B /* Debug */ = {
			isa = XCBuildConfiguration;
			buildSettings = {
				ALWAYS_SEARCH_USER_PATHS = NO;
				CLANG_ANALYZER_LOCALIZABILITY_NONLOCALIZED = YES;
				CLANG_ANALYZER_NONNULL = YES;
				CLANG_ANALYZER_NUMBER_OBJECT_CONVERSION = YES_AGGRESSIVE;
				CLANG_CXX_LANGUAGE_STANDARD = "gnu++14";
				CLANG_CXX_LIBRARY = "libc++";
				CLANG_ENABLE_MODULES = YES;
				CLANG_ENABLE_OBJC_ARC = YES;
				CLANG_ENABLE_OBJC_WEAK = YES;
				CLANG_WARN_BLOCK_CAPTURE_AUTORELEASING = YES;
				CLANG_WARN_BOOL_CONVERSION = YES;
				CLANG_WARN_COMMA = YES;
				CLANG_WARN_CONSTANT_CONVERSION = YES;
				CLANG_WARN_DEPRECATED_OBJC_IMPLEMENTATIONS = YES;
				CLANG_WARN_DIRECT_OBJC_ISA_USAGE = YES_ERROR;
				CLANG_WARN_DOCUMENTATION_COMMENTS = YES;
				CLANG_WARN_EMPTY_BODY = YES;
				CLANG_WARN_ENUM_CONVERSION = YES;
				CLANG_WARN_INFINITE_RECURSION = YES;
				CLANG_WARN_INT_CONVERSION = YES;
				CLANG_WARN_NON_LITERAL_NULL_CONVERSION = YES;
				CLANG_WARN_OBJC_IMPLICIT_RETAIN_SELF = YES;
				CLANG_WARN_OBJC_LITERAL_CONVERSION = YES;
				CLANG_WARN_OBJC_ROOT_CLASS = YES_ERROR;
				CLANG_WARN_RANGE_LOOP_ANALYSIS = YES;
				CLANG_WARN_STRICT_PROTOTYPES = YES;
				CLANG_WARN_SUSPICIOUS_MOVE = YES;
				CLANG_WARN_UNGUARDED_AVAILABILITY = YES_AGGRESSIVE;
				CLANG_WARN_UNREACHABLE_CODE = YES;
				CLANG_WARN__DUPLICATE_METHOD_MATCH = YES;
				COPY_PHASE_STRIP = NO;
				DEBUG_INFORMATION_FORMAT = dwarf;
				ENABLE_STRICT_OBJC_MSGSEND = YES;
				ENABLE_TESTABILITY = YES;
				GCC_C_LANGUAGE_STANDARD = gnu11;
				GCC_DYNAMIC_NO_PIC = NO;
				GCC_NO_COMMON_BLOCKS = YES;
				GCC_OPTIMIZATION_LEVEL = 0;
				GCC_PREPROCESSOR_DEFINITIONS = (
					"DEBUG=1",
					"$(inherited)",
				);
				GCC_WARN_64_TO_32_BIT_CONVERSION = YES;
				GCC_WARN_ABOUT_RETURN_TYPE = YES_ERROR;
				GCC_WARN_UNDECLARED_SELECTOR = YES;
				GCC_WARN_UNINITIALIZED_AUTOS = YES_AGGRESSIVE;
				GCC_WARN_UNUSED_FUNCTION = YES;
				GCC_WARN_UNUSED_VARIABLE = YES;
				IPHONEOS_DEPLOYMENT_TARGET = 11.2;
				MTL_ENABLE_DEBUG_INFO = INCLUDE_SOURCE;
				MTL_FAST_MATH = YES;
				ONLY_ACTIVE_ARCH = YES;
				SDKROOT = iphoneos;
				SWIFT_ACTIVE_COMPILATION_CONDITIONS = DEBUG;
				SWIFT_OPTIMIZATION_LEVEL = "-Onone";
			};
			name = Debug;
		};
		838AC925242B8F2C00AC3F8B /* Release */ = {
			isa = XCBuildConfiguration;
			buildSettings = {
				ALWAYS_SEARCH_USER_PATHS = NO;
				CLANG_ANALYZER_LOCALIZABILITY_NONLOCALIZED = YES;
				CLANG_ANALYZER_NONNULL = YES;
				CLANG_ANALYZER_NUMBER_OBJECT_CONVERSION = YES_AGGRESSIVE;
				CLANG_CXX_LANGUAGE_STANDARD = "gnu++14";
				CLANG_CXX_LIBRARY = "libc++";
				CLANG_ENABLE_MODULES = YES;
				CLANG_ENABLE_OBJC_ARC = YES;
				CLANG_ENABLE_OBJC_WEAK = YES;
				CLANG_WARN_BLOCK_CAPTURE_AUTORELEASING = YES;
				CLANG_WARN_BOOL_CONVERSION = YES;
				CLANG_WARN_COMMA = YES;
				CLANG_WARN_CONSTANT_CONVERSION = YES;
				CLANG_WARN_DEPRECATED_OBJC_IMPLEMENTATIONS = YES;
				CLANG_WARN_DIRECT_OBJC_ISA_USAGE = YES_ERROR;
				CLANG_WARN_DOCUMENTATION_COMMENTS = YES;
				CLANG_WARN_EMPTY_BODY = YES;
				CLANG_WARN_ENUM_CONVERSION = YES;
				CLANG_WARN_INFINITE_RECURSION = YES;
				CLANG_WARN_INT_CONVERSION = YES;
				CLANG_WARN_NON_LITERAL_NULL_CONVERSION = YES;
				CLANG_WARN_OBJC_IMPLICIT_RETAIN_SELF = YES;
				CLANG_WARN_OBJC_LITERAL_CONVERSION = YES;
				CLANG_WARN_OBJC_ROOT_CLASS = YES_ERROR;
				CLANG_WARN_RANGE_LOOP_ANALYSIS = YES;
				CLANG_WARN_STRICT_PROTOTYPES = YES;
				CLANG_WARN_SUSPICIOUS_MOVE = YES;
				CLANG_WARN_UNGUARDED_AVAILABILITY = YES_AGGRESSIVE;
				CLANG_WARN_UNREACHABLE_CODE = YES;
				CLANG_WARN__DUPLICATE_METHOD_MATCH = YES;
				COPY_PHASE_STRIP = NO;
				DEBUG_INFORMATION_FORMAT = "dwarf-with-dsym";
				ENABLE_NS_ASSERTIONS = NO;
				ENABLE_STRICT_OBJC_MSGSEND = YES;
				GCC_C_LANGUAGE_STANDARD = gnu11;
				GCC_NO_COMMON_BLOCKS = YES;
				GCC_WARN_64_TO_32_BIT_CONVERSION = YES;
				GCC_WARN_ABOUT_RETURN_TYPE = YES_ERROR;
				GCC_WARN_UNDECLARED_SELECTOR = YES;
				GCC_WARN_UNINITIALIZED_AUTOS = YES_AGGRESSIVE;
				GCC_WARN_UNUSED_FUNCTION = YES;
				GCC_WARN_UNUSED_VARIABLE = YES;
				IPHONEOS_DEPLOYMENT_TARGET = 11.2;
				MTL_ENABLE_DEBUG_INFO = NO;
				MTL_FAST_MATH = YES;
				SDKROOT = iphoneos;
				SWIFT_COMPILATION_MODE = wholemodule;
				SWIFT_OPTIMIZATION_LEVEL = "-O";
				VALIDATE_PRODUCT = YES;
			};
			name = Release;
		};
		838AC927242B8F2C00AC3F8B /* Debug */ = {
			isa = XCBuildConfiguration;
			baseConfigurationReference = CA0ED91A36894C9465BFBE4D /* Pods-MatajerTrader.debug.xcconfig */;
			buildSettings = {
				ASSETCATALOG_COMPILER_APPICON_NAME = AppIcon;
				CODE_SIGN_STYLE = Automatic;
				CURRENT_PROJECT_VERSION = 5;
				DEVELOPMENT_TEAM = 96RSKZJP5J;
				INFOPLIST_FILE = MatajerTrader/Info.plist;
				LD_RUNPATH_SEARCH_PATHS = (
					"$(inherited)",
					"@executable_path/Frameworks",
				);
				PRODUCT_BUNDLE_IDENTIFIER = com.matajer.cPanel;
				PRODUCT_NAME = Matajer;
				SWIFT_VERSION = 5.0;
				TARGETED_DEVICE_FAMILY = "1,2";
			};
			name = Debug;
		};
		838AC928242B8F2C00AC3F8B /* Release */ = {
			isa = XCBuildConfiguration;
			baseConfigurationReference = 16935954F22ADF7993A26369 /* Pods-MatajerTrader.release.xcconfig */;
			buildSettings = {
				ASSETCATALOG_COMPILER_APPICON_NAME = AppIcon;
				CODE_SIGN_STYLE = Automatic;
				CURRENT_PROJECT_VERSION = 5;
				DEVELOPMENT_TEAM = 96RSKZJP5J;
				INFOPLIST_FILE = MatajerTrader/Info.plist;
				LD_RUNPATH_SEARCH_PATHS = (
					"$(inherited)",
					"@executable_path/Frameworks",
				);
				PRODUCT_BUNDLE_IDENTIFIER = com.matajer.cPanel;
				PRODUCT_NAME = Matajer;
				SWIFT_VERSION = 5.0;
				TARGETED_DEVICE_FAMILY = "1,2";
			};
			name = Release;
		};
/* End XCBuildConfiguration section */

/* Begin XCConfigurationList section */
		838AC90A242B8F2400AC3F8B /* Build configuration list for PBXProject "MatajerTrader" */ = {
			isa = XCConfigurationList;
			buildConfigurations = (
				838AC924242B8F2C00AC3F8B /* Debug */,
				838AC925242B8F2C00AC3F8B /* Release */,
			);
			defaultConfigurationIsVisible = 0;
			defaultConfigurationName = Release;
		};
		838AC926242B8F2C00AC3F8B /* Build configuration list for PBXNativeTarget "MatajerTrader" */ = {
			isa = XCConfigurationList;
			buildConfigurations = (
				838AC927242B8F2C00AC3F8B /* Debug */,
				838AC928242B8F2C00AC3F8B /* Release */,
			);
			defaultConfigurationIsVisible = 0;
			defaultConfigurationName = Release;
		};
/* End XCConfigurationList section */

/* Begin XCVersionGroup section */
		838AC91B242B8F2400AC3F8B /* MatajerTrader.xcdatamodeld */ = {
			isa = XCVersionGroup;
			children = (
				838AC91C242B8F2400AC3F8B /* MatajerTrader.xcdatamodel */,
			);
			currentVersion = 838AC91C242B8F2400AC3F8B /* MatajerTrader.xcdatamodel */;
			path = MatajerTrader.xcdatamodeld;
			sourceTree = "<group>";
			versionGroupType = wrapper.xcdatamodel;
		};
/* End XCVersionGroup section */
	};
	rootObject = 838AC907242B8F2400AC3F8B /* Project object */;
}
